
Microsoft Visual Studio Solution File, Format Version 12.00
# Visual Studio Version 17
VisualStudioVersion = 17.14.36327.8
MinimumVisualStudioVersion = 10.0.40219.1
Project("{2150E333-8FDC-42A3-9474-1A3956D46DE8}") = "src", "src", "{02EA681E-C7D8-13C7-8484-4AC65E1B71E8}"
EndProject
Project("{2150E333-8FDC-42A3-9474-1A3956D46DE8}") = "tests", "tests", "{135EB3BA-BB78-43A8-8BD5-F221A9514FDF}"
EndProject
Project("{2150E333-8FDC-42A3-9474-1A3956D46DE8}") = "examples", "examples", "{8089AB3A-74F8-412D-81F9-8ED2A3EA5EC1}"
EndProject
Project("{FAE04EC0-301F-11D3-BF4B-00C04F79EFBC}") = "DomainSmith.Abstraction", "src\DomainSmith.Abstraction\DomainSmith.Abstraction.csproj", "{A5A0CA35-30B7-4BB6-A888-1D96D416AA26}"
EndProject
Project("{FAE04EC0-301F-11D3-BF4B-00C04F79EFBC}") = "DomainSmith.Abstraction.Tests", "tests\DomainSmith.Abstraction.Tests\DomainSmith.Abstraction.Tests.csproj", "{3D841720-C1AA-4BB6-9EB7-849EE4B23683}"
EndProject
Project("{FAE04EC0-301F-11D3-BF4B-00C04F79EFBC}") = "DomainSmith.Entity", "src\DomainSmith.Entity\DomainSmith.Entity.csproj", "{B8C3BAB0-2E32-4F2B-881B-FB346B3CAB74}"
EndProject
Project("{FAE04EC0-301F-11D3-BF4B-00C04F79EFBC}") = "DomainSmith.Entity.Tests", "tests\DomainSmith.Entity.Tests\DomainSmith.Entity.Tests.csproj", "{0B9C9856-15C7-49F5-98F7-933E0B296B4D}"
EndProject
Project("{FAE04EC0-301F-11D3-BF4B-00C04F79EFBC}") = "DomainSmith.Entity.Examples", "examples\DomainSmith.Entity.Examples\DomainSmith.Entity.Examples.csproj", "{5446636B-0DDD-4924-A970-8199FF35EEB8}"
EndProject
Project("{FAE04EC0-301F-11D3-BF4B-00C04F79EFBC}") = "DomainSmith.Tests.Helpers", "tests\DomainSmith.Tests.Helpers\DomainSmith.Tests.Helpers.csproj", "{0EB32B9B-CAE4-4B1A-BD55-9E2B71C335EE}"
EndProject
Project("{2150E333-8FDC-42A3-9474-1A3956D46DE8}") = ".github", ".github", "{C93B3DF4-A534-4DC9-B1F1-80130B8398D7}"
EndProject
Project("{2150E333-8FDC-42A3-9474-1A3956D46DE8}") = "workflows", "workflows", "{F7D61DFB-457C-4B76-9AD0-4AF98DDCD671}"
	ProjectSection(SolutionItems) = preProject
		.github\workflows\main.yml = .github\workflows\main.yml
		.github\workflows\pull-request.yml = .github\workflows\pull-request.yml
	EndProjectSection
EndProject
Project("{2150E333-8FDC-42A3-9474-1A3956D46DE8}") = "actions", "actions", "{DE8D62D3-91FF-4FD2-A6E9-BF35CEC01DA2}"
EndProject
Project("{2150E333-8FDC-42A3-9474-1A3956D46DE8}") = "validate-branch-name", "validate-branch-name", "{494659E5-6BE1-4E37-8329-68901AB7A3F5}"
	ProjectSection(SolutionItems) = preProject
		.github\actions\validate-branch-name\action.yml = .github\actions\validate-branch-name\action.yml
	EndProjectSection
EndProject
Global
	GlobalSection(SolutionConfigurationPlatforms) = preSolution
		Debug|Any CPU = Debug|Any CPU
		Release|Any CPU = Release|Any CPU
	EndGlobalSection
	GlobalSection(ProjectConfigurationPlatforms) = postSolution
		{A5A0CA35-30B7-4BB6-A888-1D96D416AA26}.Debug|Any CPU.ActiveCfg = Debug|Any CPU
		{A5A0CA35-30B7-4BB6-A888-1D96D416AA26}.Debug|Any CPU.Build.0 = Debug|Any CPU
		{A5A0CA35-30B7-4BB6-A888-1D96D416AA26}.Release|Any CPU.ActiveCfg = Release|Any CPU
		{A5A0CA35-30B7-4BB6-A888-1D96D416AA26}.Release|Any CPU.Build.0 = Release|Any CPU
		{3D841720-C1AA-4BB6-9EB7-849EE4B23683}.Debug|Any CPU.ActiveCfg = Debug|Any CPU
		{3D841720-C1AA-4BB6-9EB7-849EE4B23683}.Debug|Any CPU.Build.0 = Debug|Any CPU
		{3D841720-C1AA-4BB6-9EB7-849EE4B23683}.Release|Any CPU.ActiveCfg = Release|Any CPU
		{3D841720-C1AA-4BB6-9EB7-849EE4B23683}.Release|Any CPU.Build.0 = Release|Any CPU
		{B8C3BAB0-2E32-4F2B-881B-FB346B3CAB74}.Debug|Any CPU.ActiveCfg = Debug|Any CPU
		{B8C3BAB0-2E32-4F2B-881B-FB346B3CAB74}.Debug|Any CPU.Build.0 = Debug|Any CPU
		{B8C3BAB0-2E32-4F2B-881B-FB346B3CAB74}.Release|Any CPU.ActiveCfg = Release|Any CPU
		{B8C3BAB0-2E32-4F2B-881B-FB346B3CAB74}.Release|Any CPU.Build.0 = Release|Any CPU
		{0B9C9856-15C7-49F5-98F7-933E0B296B4D}.Debug|Any CPU.ActiveCfg = Debug|Any CPU
		{0B9C9856-15C7-49F5-98F7-933E0B296B4D}.Debug|Any CPU.Build.0 = Debug|Any CPU
		{0B9C9856-15C7-49F5-98F7-933E0B296B4D}.Release|Any CPU.ActiveCfg = Release|Any CPU
		{0B9C9856-15C7-49F5-98F7-933E0B296B4D}.Release|Any CPU.Build.0 = Release|Any CPU
		{5446636B-0DDD-4924-A970-8199FF35EEB8}.Debug|Any CPU.ActiveCfg = Debug|Any CPU
		{5446636B-0DDD-4924-A970-8199FF35EEB8}.Debug|Any CPU.Build.0 = Debug|Any CPU
		{5446636B-0DDD-4924-A970-8199FF35EEB8}.Release|Any CPU.ActiveCfg = Release|Any CPU
		{5446636B-0DDD-4924-A970-8199FF35EEB8}.Release|Any CPU.Build.0 = Release|Any CPU
		{0EB32B9B-CAE4-4B1A-BD55-9E2B71C335EE}.Debug|Any CPU.ActiveCfg = Debug|Any CPU
		{0EB32B9B-CAE4-4B1A-BD55-9E2B71C335EE}.Debug|Any CPU.Build.0 = Debug|Any CPU
		{0EB32B9B-CAE4-4B1A-BD55-9E2B71C335EE}.Release|Any CPU.ActiveCfg = Release|Any CPU
		{0EB32B9B-CAE4-4B1A-BD55-9E2B71C335EE}.Release|Any CPU.Build.0 = Release|Any CPU
	EndGlobalSection
	GlobalSection(SolutionProperties) = preSolution
		HideSolutionNode = FALSE
	EndGlobalSection
	GlobalSection(NestedProjects) = preSolution
		{A5A0CA35-30B7-4BB6-A888-1D96D416AA26} = {02EA681E-C7D8-13C7-8484-4AC65E1B71E8}
		{3D841720-C1AA-4BB6-9EB7-849EE4B23683} = {135EB3BA-BB78-43A8-8BD5-F221A9514FDF}
		{B8C3BAB0-2E32-4F2B-881B-FB346B3CAB74} = {02EA681E-C7D8-13C7-8484-4AC65E1B71E8}
		{0B9C9856-15C7-49F5-98F7-933E0B296B4D} = {135EB3BA-BB78-43A8-8BD5-F221A9514FDF}
		{5446636B-0DDD-4924-A970-8199FF35EEB8} = {8089AB3A-74F8-412D-81F9-8ED2A3EA5EC1}
		{0EB32B9B-CAE4-4B1A-BD55-9E2B71C335EE} = {135EB3BA-BB78-43A8-8BD5-F221A9514FDF}
		{F7D61DFB-457C-4B76-9AD0-4AF98DDCD671} = {C93B3DF4-A534-4DC9-B1F1-80130B8398D7}
		{DE8D62D3-91FF-4FD2-A6E9-BF35CEC01DA2} = {C93B3DF4-A534-4DC9-B1F1-80130B8398D7}
		{494659E5-6BE1-4E37-8329-68901AB7A3F5} = {DE8D62D3-91FF-4FD2-A6E9-BF35CEC01DA2}
	EndGlobalSection
	GlobalSection(ExtensibilityGlobals) = postSolution
		SolutionGuid = {D5DB74A5-D8E6-4B19-B217-5A02834A0987}
	EndGlobalSection
EndGlobal
